{
  "name": "quanto-project",
  "lockfileVersion": 3,
  "requires": true,
  "packages": {
    "": {
      "devDependencies": {
        "vite-plugin-css": "^1.0.4"
      }
    },
    "node_modules/vite-plugin-css": {
      "version": "1.0.4",
      "resolved": "https://registry.npmjs.org/vite-plugin-css/-/vite-plugin-css-1.0.4.tgz",
      "integrity": "sha512-5Tj8Lc7uwlLVd3Ns8ixDH9CjjAPS12OuIiheY4IOZuiaOwH9sAEzgB/svNMmW28ePimaNTPfyTrRX8ZONjqFqA==",
      "dev": true
    }
  }
}
