{
  "name": "quanto-project",
  "lockfileVersion": 3,
  "requires": true,
  "packages": {
    "": {
      "dependencies": {
        "chart.js": "^4.4.1"
      },
      "devDependencies": {
        "vite-plugin-css": "^1.0.4"
      }
    },
    "node_modules/@kurkle/color": {
      "version": "0.3.2",
      "resolved": "https://registry.npmjs.org/@kurkle/color/-/color-0.3.2.tgz",
      "integrity": "sha512-fuscdXJ9G1qb7W8VdHi+IwRqij3lBkosAm4ydQtEmbY58OzHXqQhvlxqEkoz0yssNVn38bcpRWgA9PP+OGoisw=="
    },
    "node_modules/chart.js": {
      "version": "4.4.1",
      "resolved": "https://registry.npmjs.org/chart.js/-/chart.js-4.4.1.tgz",
      "integrity": "sha512-C74QN1bxwV1v2PEujhmKjOZ7iUM4w6BWs23Md/6aOZZSlwMzeCIDGuZay++rBgChYru7/+QFeoQW0fQoP534Dg==",
      "dependencies": {
        "@kurkle/color": "^0.3.0"
      },
      "engines": {
        "pnpm": ">=7"
      }
    },
    "node_modules/vite-plugin-css": {
      "version": "1.0.4",
      "resolved": "https://registry.npmjs.org/vite-plugin-css/-/vite-plugin-css-1.0.4.tgz",
      "integrity": "sha512-5Tj8Lc7uwlLVd3Ns8ixDH9CjjAPS12OuIiheY4IOZuiaOwH9sAEzgB/svNMmW28ePimaNTPfyTrRX8ZONjqFqA==",
      "dev": true
    }
  }
}
